
Microsoft Visual Studio Solution File, Format Version 12.00
# Visual Studio Version 16
VisualStudioVersion = 16.0.30128.74
MinimumVisualStudioVersion = 10.0.40219.1
Project("{D954291E-2A0B-460D-934E-DC6B0785DB48}") = "SpeechRec.Shared", "SpeechRec\SpeechRec.Shared\SpeechRec.Shared.shproj", "{6279C845-92F8-4333-AB99-3D213163593C}"
EndProject
Project("{FAE04EC0-301F-11D3-BF4B-00C04F79EFBC}") = "SpeechRec.Droid", "SpeechRec\SpeechRec.Droid\SpeechRec.Droid.csproj", "{0F6BEA6B-5F6C-4169-9E18-E3A44EC824D3}"
EndProject
Project("{FAE04EC0-301F-11D3-BF4B-00C04F79EFBC}") = "SpeechRec.iOS", "SpeechRec\SpeechRec.iOS\SpeechRec.iOS.csproj", "{68E1ED1E-882A-4C1F-8BFB-9D70B2E2C2B7}"
EndProject
Project("{FAE04EC0-301F-11D3-BF4B-00C04F79EFBC}") = "SpeechRec.UWP", "SpeechRec\SpeechRec.UWP\SpeechRec.UWP.csproj", "{099693B6-582E-4114-8818-272EA8D64823}"
EndProject
Project("{FAE04EC0-301F-11D3-BF4B-00C04F79EFBC}") = "SpeechRec.Wasm", "SpeechRec\SpeechRec.Wasm\SpeechRec.Wasm.csproj", "{C15369F3-DEB4-442A-AFC2-2A134898DABB}"
EndProject
Project("{FAE04EC0-301F-11D3-BF4B-00C04F79EFBC}") = "SpeechRec.macOS", "SpeechRec\SpeechRec.macOS\SpeechRec.macOS.csproj", "{CB8E5E29-9AD3-49A5-8234-105ED3259D61}"
EndProject
Global
	GlobalSection(SharedMSBuildProjectFiles) = preSolution
		SpeechRec\SpeechRec.Shared\SpeechRec.Shared.projitems*{099693b6-582e-4114-8818-272ea8d64823}*SharedItemsImports = 4
		SpeechRec\SpeechRec.Shared\SpeechRec.Shared.projitems*{0f6bea6b-5f6c-4169-9e18-e3a44ec824d3}*SharedItemsImports = 4
		SpeechRec\SpeechRec.Shared\SpeechRec.Shared.projitems*{6279c845-92f8-4333-ab99-3d213163593c}*SharedItemsImports = 13
		SpeechRec\SpeechRec.Shared\SpeechRec.Shared.projitems*{68e1ed1e-882a-4c1f-8bfb-9d70b2e2c2b7}*SharedItemsImports = 4
		SpeechRec\SpeechRec.Shared\SpeechRec.Shared.projitems*{c15369f3-deb4-442a-afc2-2a134898dabb}*SharedItemsImports = 5
		SpeechRec\SpeechRec.Shared\SpeechRec.Shared.projitems*{cb8e5e29-9ad3-49a5-8234-105ed3259d61}*SharedItemsImports = 4
	EndGlobalSection
	GlobalSection(SolutionConfigurationPlatforms) = preSolution
		Ad-Hoc|Any CPU = Ad-Hoc|Any CPU
		Ad-Hoc|ARM = Ad-Hoc|ARM
		Ad-Hoc|ARM64 = Ad-Hoc|ARM64
		Ad-Hoc|iPhone = Ad-Hoc|iPhone
		Ad-Hoc|iPhoneSimulator = Ad-Hoc|iPhoneSimulator
		Ad-Hoc|x64 = Ad-Hoc|x64
		Ad-Hoc|x86 = Ad-Hoc|x86
		AppStore|Any CPU = AppStore|Any CPU
		AppStore|ARM = AppStore|ARM
		AppStore|ARM64 = AppStore|ARM64
		AppStore|iPhone = AppStore|iPhone
		AppStore|iPhoneSimulator = AppStore|iPhoneSimulator
		AppStore|x64 = AppStore|x64
		AppStore|x86 = AppStore|x86
		Debug|Any CPU = Debug|Any CPU
		Debug|ARM = Debug|ARM
		Debug|ARM64 = Debug|ARM64
		Debug|iPhone = Debug|iPhone
		Debug|iPhoneSimulator = Debug|iPhoneSimulator
		Debug|x64 = Debug|x64
		Debug|x86 = Debug|x86
		Release|Any CPU = Release|Any CPU
		Release|ARM = Release|ARM
		Release|ARM64 = Release|ARM64
		Release|iPhone = Release|iPhone
		Release|iPhoneSimulator = Release|iPhoneSimulator
		Release|x64 = Release|x64
		Release|x86 = Release|x86
	EndGlobalSection
	GlobalSection(ProjectConfigurationPlatforms) = postSolution
		{0F6BEA6B-5F6C-4169-9E18-E3A44EC824D3}.Ad-Hoc|Any CPU.ActiveCfg = Release|Any CPU
		{0F6BEA6B-5F6C-4169-9E18-E3A44EC824D3}.Ad-Hoc|Any CPU.Build.0 = Release|Any CPU
		{0F6BEA6B-5F6C-4169-9E18-E3A44EC824D3}.Ad-Hoc|Any CPU.Deploy.0 = Release|Any CPU
		{0F6BEA6B-5F6C-4169-9E18-E3A44EC824D3}.Ad-Hoc|ARM.ActiveCfg = Release|Any CPU
		{0F6BEA6B-5F6C-4169-9E18-E3A44EC824D3}.Ad-Hoc|ARM.Build.0 = Release|Any CPU
		{0F6BEA6B-5F6C-4169-9E18-E3A44EC824D3}.Ad-Hoc|ARM.Deploy.0 = Release|Any CPU
		{0F6BEA6B-5F6C-4169-9E18-E3A44EC824D3}.Ad-Hoc|ARM64.ActiveCfg = Release|Any CPU
		{0F6BEA6B-5F6C-4169-9E18-E3A44EC824D3}.Ad-Hoc|ARM64.Build.0 = Release|Any CPU
		{0F6BEA6B-5F6C-4169-9E18-E3A44EC824D3}.Ad-Hoc|ARM64.Deploy.0 = Release|Any CPU
		{0F6BEA6B-5F6C-4169-9E18-E3A44EC824D3}.Ad-Hoc|iPhone.ActiveCfg = Release|Any CPU
		{0F6BEA6B-5F6C-4169-9E18-E3A44EC824D3}.Ad-Hoc|iPhone.Build.0 = Release|Any CPU
		{0F6BEA6B-5F6C-4169-9E18-E3A44EC824D3}.Ad-Hoc|iPhone.Deploy.0 = Release|Any CPU
		{0F6BEA6B-5F6C-4169-9E18-E3A44EC824D3}.Ad-Hoc|iPhoneSimulator.ActiveCfg = Release|Any CPU
		{0F6BEA6B-5F6C-4169-9E18-E3A44EC824D3}.Ad-Hoc|iPhoneSimulator.Build.0 = Release|Any CPU
		{0F6BEA6B-5F6C-4169-9E18-E3A44EC824D3}.Ad-Hoc|iPhoneSimulator.Deploy.0 = Release|Any CPU
		{0F6BEA6B-5F6C-4169-9E18-E3A44EC824D3}.Ad-Hoc|x64.ActiveCfg = Release|Any CPU
		{0F6BEA6B-5F6C-4169-9E18-E3A44EC824D3}.Ad-Hoc|x64.Build.0 = Release|Any CPU
		{0F6BEA6B-5F6C-4169-9E18-E3A44EC824D3}.Ad-Hoc|x64.Deploy.0 = Release|Any CPU
		{0F6BEA6B-5F6C-4169-9E18-E3A44EC824D3}.Ad-Hoc|x86.ActiveCfg = Release|Any CPU
		{0F6BEA6B-5F6C-4169-9E18-E3A44EC824D3}.Ad-Hoc|x86.Build.0 = Release|Any CPU
		{0F6BEA6B-5F6C-4169-9E18-E3A44EC824D3}.Ad-Hoc|x86.Deploy.0 = Release|Any CPU
		{0F6BEA6B-5F6C-4169-9E18-E3A44EC824D3}.AppStore|Any CPU.ActiveCfg = Release|Any CPU
		{0F6BEA6B-5F6C-4169-9E18-E3A44EC824D3}.AppStore|Any CPU.Build.0 = Release|Any CPU
		{0F6BEA6B-5F6C-4169-9E18-E3A44EC824D3}.AppStore|Any CPU.Deploy.0 = Release|Any CPU
		{0F6BEA6B-5F6C-4169-9E18-E3A44EC824D3}.AppStore|ARM.ActiveCfg = Release|Any CPU
		{0F6BEA6B-5F6C-4169-9E18-E3A44EC824D3}.AppStore|ARM.Build.0 = Release|Any CPU
		{0F6BEA6B-5F6C-4169-9E18-E3A44EC824D3}.AppStore|ARM.Deploy.0 = Release|Any CPU
		{0F6BEA6B-5F6C-4169-9E18-E3A44EC824D3}.AppStore|ARM64.ActiveCfg = Release|Any CPU
		{0F6BEA6B-5F6C-4169-9E18-E3A44EC824D3}.AppStore|ARM64.Build.0 = Release|Any CPU
		{0F6BEA6B-5F6C-4169-9E18-E3A44EC824D3}.AppStore|ARM64.Deploy.0 = Release|Any CPU
		{0F6BEA6B-5F6C-4169-9E18-E3A44EC824D3}.AppStore|iPhone.ActiveCfg = Release|Any CPU
		{0F6BEA6B-5F6C-4169-9E18-E3A44EC824D3}.AppStore|iPhone.Build.0 = Release|Any CPU
		{0F6BEA6B-5F6C-4169-9E18-E3A44EC824D3}.AppStore|iPhone.Deploy.0 = Release|Any CPU
		{0F6BEA6B-5F6C-4169-9E18-E3A44EC824D3}.AppStore|iPhoneSimulator.ActiveCfg = Release|Any CPU
		{0F6BEA6B-5F6C-4169-9E18-E3A44EC824D3}.AppStore|iPhoneSimulator.Build.0 = Release|Any CPU
		{0F6BEA6B-5F6C-4169-9E18-E3A44EC824D3}.AppStore|iPhoneSimulator.Deploy.0 = Release|Any CPU
		{0F6BEA6B-5F6C-4169-9E18-E3A44EC824D3}.AppStore|x64.ActiveCfg = Release|Any CPU
		{0F6BEA6B-5F6C-4169-9E18-E3A44EC824D3}.AppStore|x64.Build.0 = Release|Any CPU
		{0F6BEA6B-5F6C-4169-9E18-E3A44EC824D3}.AppStore|x64.Deploy.0 = Release|Any CPU
		{0F6BEA6B-5F6C-4169-9E18-E3A44EC824D3}.AppStore|x86.ActiveCfg = Release|Any CPU
		{0F6BEA6B-5F6C-4169-9E18-E3A44EC824D3}.AppStore|x86.Build.0 = Release|Any CPU
		{0F6BEA6B-5F6C-4169-9E18-E3A44EC824D3}.AppStore|x86.Deploy.0 = Release|Any CPU
		{0F6BEA6B-5F6C-4169-9E18-E3A44EC824D3}.Debug|Any CPU.ActiveCfg = Debug|Any CPU
		{0F6BEA6B-5F6C-4169-9E18-E3A44EC824D3}.Debug|Any CPU.Build.0 = Debug|Any CPU
		{0F6BEA6B-5F6C-4169-9E18-E3A44EC824D3}.Debug|Any CPU.Deploy.0 = Debug|Any CPU
		{0F6BEA6B-5F6C-4169-9E18-E3A44EC824D3}.Debug|ARM.ActiveCfg = Debug|Any CPU
		{0F6BEA6B-5F6C-4169-9E18-E3A44EC824D3}.Debug|ARM.Build.0 = Debug|Any CPU
		{0F6BEA6B-5F6C-4169-9E18-E3A44EC824D3}.Debug|ARM.Deploy.0 = Debug|Any CPU
		{0F6BEA6B-5F6C-4169-9E18-E3A44EC824D3}.Debug|ARM64.ActiveCfg = Debug|Any CPU
		{0F6BEA6B-5F6C-4169-9E18-E3A44EC824D3}.Debug|ARM64.Build.0 = Debug|Any CPU
		{0F6BEA6B-5F6C-4169-9E18-E3A44EC824D3}.Debug|ARM64.Deploy.0 = Debug|Any CPU
		{0F6BEA6B-5F6C-4169-9E18-E3A44EC824D3}.Debug|iPhone.ActiveCfg = Debug|Any CPU
		{0F6BEA6B-5F6C-4169-9E18-E3A44EC824D3}.Debug|iPhone.Build.0 = Debug|Any CPU
		{0F6BEA6B-5F6C-4169-9E18-E3A44EC824D3}.Debug|iPhone.Deploy.0 = Debug|Any CPU
		{0F6BEA6B-5F6C-4169-9E18-E3A44EC824D3}.Debug|iPhoneSimulator.ActiveCfg = Debug|Any CPU
		{0F6BEA6B-5F6C-4169-9E18-E3A44EC824D3}.Debug|iPhoneSimulator.Build.0 = Debug|Any CPU
		{0F6BEA6B-5F6C-4169-9E18-E3A44EC824D3}.Debug|iPhoneSimulator.Deploy.0 = Debug|Any CPU
		{0F6BEA6B-5F6C-4169-9E18-E3A44EC824D3}.Debug|x64.ActiveCfg = Debug|Any CPU
		{0F6BEA6B-5F6C-4169-9E18-E3A44EC824D3}.Debug|x64.Build.0 = Debug|Any CPU
		{0F6BEA6B-5F6C-4169-9E18-E3A44EC824D3}.Debug|x64.Deploy.0 = Debug|Any CPU
		{0F6BEA6B-5F6C-4169-9E18-E3A44EC824D3}.Debug|x86.ActiveCfg = Debug|Any CPU
		{0F6BEA6B-5F6C-4169-9E18-E3A44EC824D3}.Debug|x86.Build.0 = Debug|Any CPU
		{0F6BEA6B-5F6C-4169-9E18-E3A44EC824D3}.Debug|x86.Deploy.0 = Debug|Any CPU
		{0F6BEA6B-5F6C-4169-9E18-E3A44EC824D3}.Release|Any CPU.ActiveCfg = Release|Any CPU
		{0F6BEA6B-5F6C-4169-9E18-E3A44EC824D3}.Release|Any CPU.Build.0 = Release|Any CPU
		{0F6BEA6B-5F6C-4169-9E18-E3A44EC824D3}.Release|Any CPU.Deploy.0 = Release|Any CPU
		{0F6BEA6B-5F6C-4169-9E18-E3A44EC824D3}.Release|ARM.ActiveCfg = Release|Any CPU
		{0F6BEA6B-5F6C-4169-9E18-E3A44EC824D3}.Release|ARM.Build.0 = Release|Any CPU
		{0F6BEA6B-5F6C-4169-9E18-E3A44EC824D3}.Release|ARM.Deploy.0 = Release|Any CPU
		{0F6BEA6B-5F6C-4169-9E18-E3A44EC824D3}.Release|ARM64.ActiveCfg = Release|Any CPU
		{0F6BEA6B-5F6C-4169-9E18-E3A44EC824D3}.Release|ARM64.Build.0 = Release|Any CPU
		{0F6BEA6B-5F6C-4169-9E18-E3A44EC824D3}.Release|ARM64.Deploy.0 = Release|Any CPU
		{0F6BEA6B-5F6C-4169-9E18-E3A44EC824D3}.Release|iPhone.ActiveCfg = Release|Any CPU
		{0F6BEA6B-5F6C-4169-9E18-E3A44EC824D3}.Release|iPhone.Build.0 = Release|Any CPU
		{0F6BEA6B-5F6C-4169-9E18-E3A44EC824D3}.Release|iPhone.Deploy.0 = Release|Any CPU
		{0F6BEA6B-5F6C-4169-9E18-E3A44EC824D3}.Release|iPhoneSimulator.ActiveCfg = Release|Any CPU
		{0F6BEA6B-5F6C-4169-9E18-E3A44EC824D3}.Release|iPhoneSimulator.Build.0 = Release|Any CPU
		{0F6BEA6B-5F6C-4169-9E18-E3A44EC824D3}.Release|iPhoneSimulator.Deploy.0 = Release|Any CPU
		{0F6BEA6B-5F6C-4169-9E18-E3A44EC824D3}.Release|x64.ActiveCfg = Release|Any CPU
		{0F6BEA6B-5F6C-4169-9E18-E3A44EC824D3}.Release|x64.Build.0 = Release|Any CPU
		{0F6BEA6B-5F6C-4169-9E18-E3A44EC824D3}.Release|x64.Deploy.0 = Release|Any CPU
		{0F6BEA6B-5F6C-4169-9E18-E3A44EC824D3}.Release|x86.ActiveCfg = Release|Any CPU
		{0F6BEA6B-5F6C-4169-9E18-E3A44EC824D3}.Release|x86.Build.0 = Release|Any CPU
		{0F6BEA6B-5F6C-4169-9E18-E3A44EC824D3}.Release|x86.Deploy.0 = Release|Any CPU
		{68E1ED1E-882A-4C1F-8BFB-9D70B2E2C2B7}.Ad-Hoc|Any CPU.ActiveCfg = Ad-Hoc|iPhone
		{68E1ED1E-882A-4C1F-8BFB-9D70B2E2C2B7}.Ad-Hoc|ARM.ActiveCfg = Ad-Hoc|iPhone
		{68E1ED1E-882A-4C1F-8BFB-9D70B2E2C2B7}.Ad-Hoc|ARM64.ActiveCfg = Ad-Hoc|iPhone
		{68E1ED1E-882A-4C1F-8BFB-9D70B2E2C2B7}.Ad-Hoc|iPhone.ActiveCfg = Ad-Hoc|iPhone
		{68E1ED1E-882A-4C1F-8BFB-9D70B2E2C2B7}.Ad-Hoc|iPhone.Build.0 = Ad-Hoc|iPhone
		{68E1ED1E-882A-4C1F-8BFB-9D70B2E2C2B7}.Ad-Hoc|iPhoneSimulator.ActiveCfg = Ad-Hoc|iPhoneSimulator
		{68E1ED1E-882A-4C1F-8BFB-9D70B2E2C2B7}.Ad-Hoc|iPhoneSimulator.Build.0 = Ad-Hoc|iPhoneSimulator
		{68E1ED1E-882A-4C1F-8BFB-9D70B2E2C2B7}.Ad-Hoc|x64.ActiveCfg = Ad-Hoc|iPhone
		{68E1ED1E-882A-4C1F-8BFB-9D70B2E2C2B7}.Ad-Hoc|x86.ActiveCfg = Ad-Hoc|iPhone
		{68E1ED1E-882A-4C1F-8BFB-9D70B2E2C2B7}.AppStore|Any CPU.ActiveCfg = AppStore|iPhone
		{68E1ED1E-882A-4C1F-8BFB-9D70B2E2C2B7}.AppStore|ARM.ActiveCfg = AppStore|iPhone
		{68E1ED1E-882A-4C1F-8BFB-9D70B2E2C2B7}.AppStore|ARM64.ActiveCfg = AppStore|iPhone
		{68E1ED1E-882A-4C1F-8BFB-9D70B2E2C2B7}.AppStore|iPhone.ActiveCfg = AppStore|iPhone
		{68E1ED1E-882A-4C1F-8BFB-9D70B2E2C2B7}.AppStore|iPhone.Build.0 = AppStore|iPhone
		{68E1ED1E-882A-4C1F-8BFB-9D70B2E2C2B7}.AppStore|iPhoneSimulator.ActiveCfg = AppStore|iPhoneSimulator
		{68E1ED1E-882A-4C1F-8BFB-9D70B2E2C2B7}.AppStore|iPhoneSimulator.Build.0 = AppStore|iPhoneSimulator
		{68E1ED1E-882A-4C1F-8BFB-9D70B2E2C2B7}.AppStore|x64.ActiveCfg = AppStore|iPhone
		{68E1ED1E-882A-4C1F-8BFB-9D70B2E2C2B7}.AppStore|x86.ActiveCfg = AppStore|iPhone
		{68E1ED1E-882A-4C1F-8BFB-9D70B2E2C2B7}.Debug|Any CPU.ActiveCfg = Debug|iPhone
		{68E1ED1E-882A-4C1F-8BFB-9D70B2E2C2B7}.Debug|ARM.ActiveCfg = Debug|iPhone
		{68E1ED1E-882A-4C1F-8BFB-9D70B2E2C2B7}.Debug|ARM64.ActiveCfg = Debug|iPhone
		{68E1ED1E-882A-4C1F-8BFB-9D70B2E2C2B7}.Debug|iPhone.ActiveCfg = Debug|iPhone
		{68E1ED1E-882A-4C1F-8BFB-9D70B2E2C2B7}.Debug|iPhone.Build.0 = Debug|iPhone
		{68E1ED1E-882A-4C1F-8BFB-9D70B2E2C2B7}.Debug|iPhoneSimulator.ActiveCfg = Debug|iPhoneSimulator
		{68E1ED1E-882A-4C1F-8BFB-9D70B2E2C2B7}.Debug|iPhoneSimulator.Build.0 = Debug|iPhoneSimulator
		{68E1ED1E-882A-4C1F-8BFB-9D70B2E2C2B7}.Debug|x64.ActiveCfg = Debug|iPhone
		{68E1ED1E-882A-4C1F-8BFB-9D70B2E2C2B7}.Debug|x86.ActiveCfg = Debug|iPhone
		{68E1ED1E-882A-4C1F-8BFB-9D70B2E2C2B7}.Release|Any CPU.ActiveCfg = Release|iPhone
		{68E1ED1E-882A-4C1F-8BFB-9D70B2E2C2B7}.Release|ARM.ActiveCfg = Release|iPhone
		{68E1ED1E-882A-4C1F-8BFB-9D70B2E2C2B7}.Release|ARM64.ActiveCfg = Release|iPhone
		{68E1ED1E-882A-4C1F-8BFB-9D70B2E2C2B7}.Release|iPhone.ActiveCfg = Release|iPhone
		{68E1ED1E-882A-4C1F-8BFB-9D70B2E2C2B7}.Release|iPhone.Build.0 = Release|iPhone
		{68E1ED1E-882A-4C1F-8BFB-9D70B2E2C2B7}.Release|iPhoneSimulator.ActiveCfg = Release|iPhoneSimulator
		{68E1ED1E-882A-4C1F-8BFB-9D70B2E2C2B7}.Release|iPhoneSimulator.Build.0 = Release|iPhoneSimulator
		{68E1ED1E-882A-4C1F-8BFB-9D70B2E2C2B7}.Release|x64.ActiveCfg = Release|iPhone
		{68E1ED1E-882A-4C1F-8BFB-9D70B2E2C2B7}.Release|x86.ActiveCfg = Release|iPhone
		{099693B6-582E-4114-8818-272EA8D64823}.Ad-Hoc|Any CPU.ActiveCfg = Release|x64
		{099693B6-582E-4114-8818-272EA8D64823}.Ad-Hoc|Any CPU.Build.0 = Release|x64
		{099693B6-582E-4114-8818-272EA8D64823}.Ad-Hoc|Any CPU.Deploy.0 = Release|x64
		{099693B6-582E-4114-8818-272EA8D64823}.Ad-Hoc|ARM.ActiveCfg = Release|ARM
		{099693B6-582E-4114-8818-272EA8D64823}.Ad-Hoc|ARM.Build.0 = Release|ARM
		{099693B6-582E-4114-8818-272EA8D64823}.Ad-Hoc|ARM.Deploy.0 = Release|ARM
		{099693B6-582E-4114-8818-272EA8D64823}.Ad-Hoc|ARM64.ActiveCfg = Release|ARM64
		{099693B6-582E-4114-8818-272EA8D64823}.Ad-Hoc|ARM64.Build.0 = Release|ARM64
		{099693B6-582E-4114-8818-272EA8D64823}.Ad-Hoc|ARM64.Deploy.0 = Release|ARM64
		{099693B6-582E-4114-8818-272EA8D64823}.Ad-Hoc|iPhone.ActiveCfg = Release|x64
		{099693B6-582E-4114-8818-272EA8D64823}.Ad-Hoc|iPhone.Build.0 = Release|x64
		{099693B6-582E-4114-8818-272EA8D64823}.Ad-Hoc|iPhone.Deploy.0 = Release|x64
		{099693B6-582E-4114-8818-272EA8D64823}.Ad-Hoc|iPhoneSimulator.ActiveCfg = Release|x64
		{099693B6-582E-4114-8818-272EA8D64823}.Ad-Hoc|iPhoneSimulator.Build.0 = Release|x64
		{099693B6-582E-4114-8818-272EA8D64823}.Ad-Hoc|iPhoneSimulator.Deploy.0 = Release|x64
		{099693B6-582E-4114-8818-272EA8D64823}.Ad-Hoc|x64.ActiveCfg = Release|x64
		{099693B6-582E-4114-8818-272EA8D64823}.Ad-Hoc|x64.Build.0 = Release|x64
		{099693B6-582E-4114-8818-272EA8D64823}.Ad-Hoc|x64.Deploy.0 = Release|x64
		{099693B6-582E-4114-8818-272EA8D64823}.Ad-Hoc|x86.ActiveCfg = Release|x86
		{099693B6-582E-4114-8818-272EA8D64823}.Ad-Hoc|x86.Build.0 = Release|x86
		{099693B6-582E-4114-8818-272EA8D64823}.Ad-Hoc|x86.Deploy.0 = Release|x86
		{099693B6-582E-4114-8818-272EA8D64823}.AppStore|Any CPU.ActiveCfg = Release|x64
		{099693B6-582E-4114-8818-272EA8D64823}.AppStore|Any CPU.Build.0 = Release|x64
		{099693B6-582E-4114-8818-272EA8D64823}.AppStore|Any CPU.Deploy.0 = Release|x64
		{099693B6-582E-4114-8818-272EA8D64823}.AppStore|ARM.ActiveCfg = Release|ARM
		{099693B6-582E-4114-8818-272EA8D64823}.AppStore|ARM.Build.0 = Release|ARM
		{099693B6-582E-4114-8818-272EA8D64823}.AppStore|ARM.Deploy.0 = Release|ARM
		{099693B6-582E-4114-8818-272EA8D64823}.AppStore|ARM64.ActiveCfg = Release|ARM64
		{099693B6-582E-4114-8818-272EA8D64823}.AppStore|ARM64.Build.0 = Release|ARM64
		{099693B6-582E-4114-8818-272EA8D64823}.AppStore|ARM64.Deploy.0 = Release|ARM64
		{099693B6-582E-4114-8818-272EA8D64823}.AppStore|iPhone.ActiveCfg = Release|x64
		{099693B6-582E-4114-8818-272EA8D64823}.AppStore|iPhone.Build.0 = Release|x64
		{099693B6-582E-4114-8818-272EA8D64823}.AppStore|iPhone.Deploy.0 = Release|x64
		{099693B6-582E-4114-8818-272EA8D64823}.AppStore|iPhoneSimulator.ActiveCfg = Release|x64
		{099693B6-582E-4114-8818-272EA8D64823}.AppStore|iPhoneSimulator.Build.0 = Release|x64
		{099693B6-582E-4114-8818-272EA8D64823}.AppStore|iPhoneSimulator.Deploy.0 = Release|x64
		{099693B6-582E-4114-8818-272EA8D64823}.AppStore|x64.ActiveCfg = Release|x64
		{099693B6-582E-4114-8818-272EA8D64823}.AppStore|x64.Build.0 = Release|x64
		{099693B6-582E-4114-8818-272EA8D64823}.AppStore|x64.Deploy.0 = Release|x64
		{099693B6-582E-4114-8818-272EA8D64823}.AppStore|x86.ActiveCfg = Release|x86
		{099693B6-582E-4114-8818-272EA8D64823}.AppStore|x86.Build.0 = Release|x86
		{099693B6-582E-4114-8818-272EA8D64823}.AppStore|x86.Deploy.0 = Release|x86
		{099693B6-582E-4114-8818-272EA8D64823}.Debug|Any CPU.ActiveCfg = Debug|x86
		{099693B6-582E-4114-8818-272EA8D64823}.Debug|ARM.ActiveCfg = Debug|ARM
		{099693B6-582E-4114-8818-272EA8D64823}.Debug|ARM.Build.0 = Debug|ARM
		{099693B6-582E-4114-8818-272EA8D64823}.Debug|ARM.Deploy.0 = Debug|ARM
		{099693B6-582E-4114-8818-272EA8D64823}.Debug|ARM64.ActiveCfg = Debug|ARM64
		{099693B6-582E-4114-8818-272EA8D64823}.Debug|ARM64.Build.0 = Debug|ARM64
		{099693B6-582E-4114-8818-272EA8D64823}.Debug|ARM64.Deploy.0 = Debug|ARM64
		{099693B6-582E-4114-8818-272EA8D64823}.Debug|iPhone.ActiveCfg = Debug|x86
		{099693B6-582E-4114-8818-272EA8D64823}.Debug|iPhoneSimulator.ActiveCfg = Debug|x86
		{099693B6-582E-4114-8818-272EA8D64823}.Debug|x64.ActiveCfg = Debug|x64
		{099693B6-582E-4114-8818-272EA8D64823}.Debug|x64.Build.0 = Debug|x64
		{099693B6-582E-4114-8818-272EA8D64823}.Debug|x64.Deploy.0 = Debug|x64
		{099693B6-582E-4114-8818-272EA8D64823}.Debug|x86.ActiveCfg = Debug|x86
		{099693B6-582E-4114-8818-272EA8D64823}.Debug|x86.Build.0 = Debug|x86
		{099693B6-582E-4114-8818-272EA8D64823}.Debug|x86.Deploy.0 = Debug|x86
		{099693B6-582E-4114-8818-272EA8D64823}.Release|Any CPU.ActiveCfg = Release|x86
		{099693B6-582E-4114-8818-272EA8D64823}.Release|ARM.ActiveCfg = Release|ARM
		{099693B6-582E-4114-8818-272EA8D64823}.Release|ARM.Build.0 = Release|ARM
		{099693B6-582E-4114-8818-272EA8D64823}.Release|ARM.Deploy.0 = Release|ARM
		{099693B6-582E-4114-8818-272EA8D64823}.Release|ARM64.ActiveCfg = Release|ARM64
		{099693B6-582E-4114-8818-272EA8D64823}.Release|ARM64.Build.0 = Release|ARM64
		{099693B6-582E-4114-8818-272EA8D64823}.Release|ARM64.Deploy.0 = Release|ARM64
		{099693B6-582E-4114-8818-272EA8D64823}.Release|iPhone.ActiveCfg = Release|x86
		{099693B6-582E-4114-8818-272EA8D64823}.Release|iPhoneSimulator.ActiveCfg = Release|x86
		{099693B6-582E-4114-8818-272EA8D64823}.Release|x64.ActiveCfg = Release|x64
		{099693B6-582E-4114-8818-272EA8D64823}.Release|x64.Build.0 = Release|x64
		{099693B6-582E-4114-8818-272EA8D64823}.Release|x64.Deploy.0 = Release|x64
		{099693B6-582E-4114-8818-272EA8D64823}.Release|x86.ActiveCfg = Release|x86
		{099693B6-582E-4114-8818-272EA8D64823}.Release|x86.Build.0 = Release|x86
		{099693B6-582E-4114-8818-272EA8D64823}.Release|x86.Deploy.0 = Release|x86
		{C15369F3-DEB4-442A-AFC2-2A134898DABB}.Ad-Hoc|Any CPU.ActiveCfg = Debug|Any CPU
		{C15369F3-DEB4-442A-AFC2-2A134898DABB}.Ad-Hoc|Any CPU.Build.0 = Debug|Any CPU
		{C15369F3-DEB4-442A-AFC2-2A134898DABB}.Ad-Hoc|ARM.ActiveCfg = Debug|Any CPU
		{C15369F3-DEB4-442A-AFC2-2A134898DABB}.Ad-Hoc|ARM.Build.0 = Debug|Any CPU
		{C15369F3-DEB4-442A-AFC2-2A134898DABB}.Ad-Hoc|ARM64.ActiveCfg = Debug|Any CPU
		{C15369F3-DEB4-442A-AFC2-2A134898DABB}.Ad-Hoc|ARM64.Build.0 = Debug|Any CPU
		{C15369F3-DEB4-442A-AFC2-2A134898DABB}.Ad-Hoc|iPhone.ActiveCfg = Debug|Any CPU
		{C15369F3-DEB4-442A-AFC2-2A134898DABB}.Ad-Hoc|iPhone.Build.0 = Debug|Any CPU
		{C15369F3-DEB4-442A-AFC2-2A134898DABB}.Ad-Hoc|iPhoneSimulator.ActiveCfg = Debug|Any CPU
		{C15369F3-DEB4-442A-AFC2-2A134898DABB}.Ad-Hoc|iPhoneSimulator.Build.0 = Debug|Any CPU
		{C15369F3-DEB4-442A-AFC2-2A134898DABB}.Ad-Hoc|x64.ActiveCfg = Debug|Any CPU
		{C15369F3-DEB4-442A-AFC2-2A134898DABB}.Ad-Hoc|x64.Build.0 = Debug|Any CPU
		{C15369F3-DEB4-442A-AFC2-2A134898DABB}.Ad-Hoc|x86.ActiveCfg = Debug|Any CPU
		{C15369F3-DEB4-442A-AFC2-2A134898DABB}.Ad-Hoc|x86.Build.0 = Debug|Any CPU
		{C15369F3-DEB4-442A-AFC2-2A134898DABB}.AppStore|Any CPU.ActiveCfg = Debug|Any CPU
		{C15369F3-DEB4-442A-AFC2-2A134898DABB}.AppStore|Any CPU.Build.0 = Debug|Any CPU
		{C15369F3-DEB4-442A-AFC2-2A134898DABB}.AppStore|ARM.ActiveCfg = Debug|Any CPU
		{C15369F3-DEB4-442A-AFC2-2A134898DABB}.AppStore|ARM.Build.0 = Debug|Any CPU
		{C15369F3-DEB4-442A-AFC2-2A134898DABB}.AppStore|ARM64.ActiveCfg = Debug|Any CPU
		{C15369F3-DEB4-442A-AFC2-2A134898DABB}.AppStore|ARM64.Build.0 = Debug|Any CPU
		{C15369F3-DEB4-442A-AFC2-2A134898DABB}.AppStore|iPhone.ActiveCfg = Debug|Any CPU
		{C15369F3-DEB4-442A-AFC2-2A134898DABB}.AppStore|iPhone.Build.0 = Debug|Any CPU
		{C15369F3-DEB4-442A-AFC2-2A134898DABB}.AppStore|iPhoneSimulator.ActiveCfg = Debug|Any CPU
		{C15369F3-DEB4-442A-AFC2-2A134898DABB}.AppStore|iPhoneSimulator.Build.0 = Debug|Any CPU
		{C15369F3-DEB4-442A-AFC2-2A134898DABB}.AppStore|x64.ActiveCfg = Debug|Any CPU
		{C15369F3-DEB4-442A-AFC2-2A134898DABB}.AppStore|x64.Build.0 = Debug|Any CPU
		{C15369F3-DEB4-442A-AFC2-2A134898DABB}.AppStore|x86.ActiveCfg = Debug|Any CPU
		{C15369F3-DEB4-442A-AFC2-2A134898DABB}.AppStore|x86.Build.0 = Debug|Any CPU
		{C15369F3-DEB4-442A-AFC2-2A134898DABB}.Debug|Any CPU.ActiveCfg = Debug|Any CPU
		{C15369F3-DEB4-442A-AFC2-2A134898DABB}.Debug|Any CPU.Build.0 = Debug|Any CPU
		{C15369F3-DEB4-442A-AFC2-2A134898DABB}.Debug|ARM.ActiveCfg = Debug|Any CPU
		{C15369F3-DEB4-442A-AFC2-2A134898DABB}.Debug|ARM.Build.0 = Debug|Any CPU
		{C15369F3-DEB4-442A-AFC2-2A134898DABB}.Debug|ARM64.ActiveCfg = Debug|Any CPU
		{C15369F3-DEB4-442A-AFC2-2A134898DABB}.Debug|ARM64.Build.0 = Debug|Any CPU
		{C15369F3-DEB4-442A-AFC2-2A134898DABB}.Debug|iPhone.ActiveCfg = Debug|Any CPU
		{C15369F3-DEB4-442A-AFC2-2A134898DABB}.Debug|iPhone.Build.0 = Debug|Any CPU
		{C15369F3-DEB4-442A-AFC2-2A134898DABB}.Debug|iPhoneSimulator.ActiveCfg = Debug|Any CPU
		{C15369F3-DEB4-442A-AFC2-2A134898DABB}.Debug|iPhoneSimulator.Build.0 = Debug|Any CPU
		{C15369F3-DEB4-442A-AFC2-2A134898DABB}.Debug|x64.ActiveCfg = Debug|Any CPU
		{C15369F3-DEB4-442A-AFC2-2A134898DABB}.Debug|x64.Build.0 = Debug|Any CPU
		{C15369F3-DEB4-442A-AFC2-2A134898DABB}.Debug|x86.ActiveCfg = Debug|Any CPU
		{C15369F3-DEB4-442A-AFC2-2A134898DABB}.Debug|x86.Build.0 = Debug|Any CPU
		{C15369F3-DEB4-442A-AFC2-2A134898DABB}.Release|Any CPU.ActiveCfg = Release|Any CPU
		{C15369F3-DEB4-442A-AFC2-2A134898DABB}.Release|Any CPU.Build.0 = Release|Any CPU
		{C15369F3-DEB4-442A-AFC2-2A134898DABB}.Release|ARM.ActiveCfg = Release|Any CPU
		{C15369F3-DEB4-442A-AFC2-2A134898DABB}.Release|ARM.Build.0 = Release|Any CPU
		{C15369F3-DEB4-442A-AFC2-2A134898DABB}.Release|ARM64.ActiveCfg = Release|Any CPU
		{C15369F3-DEB4-442A-AFC2-2A134898DABB}.Release|ARM64.Build.0 = Release|Any CPU
		{C15369F3-DEB4-442A-AFC2-2A134898DABB}.Release|iPhone.ActiveCfg = Release|Any CPU
		{C15369F3-DEB4-442A-AFC2-2A134898DABB}.Release|iPhone.Build.0 = Release|Any CPU
		{C15369F3-DEB4-442A-AFC2-2A134898DABB}.Release|iPhoneSimulator.ActiveCfg = Release|Any CPU
		{C15369F3-DEB4-442A-AFC2-2A134898DABB}.Release|iPhoneSimulator.Build.0 = Release|Any CPU
		{C15369F3-DEB4-442A-AFC2-2A134898DABB}.Release|x64.ActiveCfg = Release|Any CPU
		{C15369F3-DEB4-442A-AFC2-2A134898DABB}.Release|x64.Build.0 = Release|Any CPU
		{C15369F3-DEB4-442A-AFC2-2A134898DABB}.Release|x86.ActiveCfg = Release|Any CPU
		{C15369F3-DEB4-442A-AFC2-2A134898DABB}.Release|x86.Build.0 = Release|Any CPU
		{CB8E5E29-9AD3-49A5-8234-105ED3259D61}.Ad-Hoc|Any CPU.ActiveCfg = Release|iPhoneSimulator
		{CB8E5E29-9AD3-49A5-8234-105ED3259D61}.Ad-Hoc|Any CPU.Build.0 = Release|iPhoneSimulator
		{CB8E5E29-9AD3-49A5-8234-105ED3259D61}.Ad-Hoc|ARM.ActiveCfg = Release|iPhoneSimulator
		{CB8E5E29-9AD3-49A5-8234-105ED3259D61}.Ad-Hoc|ARM.Build.0 = Release|iPhoneSimulator
		{CB8E5E29-9AD3-49A5-8234-105ED3259D61}.Ad-Hoc|ARM64.ActiveCfg = Release|iPhoneSimulator
		{CB8E5E29-9AD3-49A5-8234-105ED3259D61}.Ad-Hoc|ARM64.Build.0 = Release|iPhoneSimulator
		{CB8E5E29-9AD3-49A5-8234-105ED3259D61}.Ad-Hoc|iPhone.ActiveCfg = Release|iPhoneSimulator
		{CB8E5E29-9AD3-49A5-8234-105ED3259D61}.Ad-Hoc|iPhone.Build.0 = Release|iPhoneSimulator
		{CB8E5E29-9AD3-49A5-8234-105ED3259D61}.Ad-Hoc|iPhoneSimulator.ActiveCfg = Release|iPhoneSimulator
		{CB8E5E29-9AD3-49A5-8234-105ED3259D61}.Ad-Hoc|iPhoneSimulator.Build.0 = Release|iPhoneSimulator
		{CB8E5E29-9AD3-49A5-8234-105ED3259D61}.Ad-Hoc|x64.ActiveCfg = Release|iPhoneSimulator
		{CB8E5E29-9AD3-49A5-8234-105ED3259D61}.Ad-Hoc|x64.Build.0 = Release|iPhoneSimulator
		{CB8E5E29-9AD3-49A5-8234-105ED3259D61}.Ad-Hoc|x86.ActiveCfg = Release|iPhoneSimulator
		{CB8E5E29-9AD3-49A5-8234-105ED3259D61}.Ad-Hoc|x86.Build.0 = Release|iPhoneSimulator
		{CB8E5E29-9AD3-49A5-8234-105ED3259D61}.AppStore|Any CPU.ActiveCfg = Release|iPhoneSimulator
		{CB8E5E29-9AD3-49A5-8234-105ED3259D61}.AppStore|Any CPU.Build.0 = Release|iPhoneSimulator
		{CB8E5E29-9AD3-49A5-8234-105ED3259D61}.AppStore|ARM.ActiveCfg = Release|iPhoneSimulator
		{CB8E5E29-9AD3-49A5-8234-105ED3259D61}.AppStore|ARM.Build.0 = Release|iPhoneSimulator
		{CB8E5E29-9AD3-49A5-8234-105ED3259D61}.AppStore|ARM64.ActiveCfg = Release|iPhoneSimulator
		{CB8E5E29-9AD3-49A5-8234-105ED3259D61}.AppStore|ARM64.Build.0 = Release|iPhoneSimulator
		{CB8E5E29-9AD3-49A5-8234-105ED3259D61}.AppStore|iPhone.ActiveCfg = Release|iPhoneSimulator
		{CB8E5E29-9AD3-49A5-8234-105ED3259D61}.AppStore|iPhone.Build.0 = Release|iPhoneSimulator
		{CB8E5E29-9AD3-49A5-8234-105ED3259D61}.AppStore|iPhoneSimulator.ActiveCfg = Release|iPhoneSimulator
		{CB8E5E29-9AD3-49A5-8234-105ED3259D61}.AppStore|iPhoneSimulator.Build.0 = Release|iPhoneSimulator
		{CB8E5E29-9AD3-49A5-8234-105ED3259D61}.AppStore|x64.ActiveCfg = Release|iPhoneSimulator
		{CB8E5E29-9AD3-49A5-8234-105ED3259D61}.AppStore|x64.Build.0 = Release|iPhoneSimulator
		{CB8E5E29-9AD3-49A5-8234-105ED3259D61}.AppStore|x86.ActiveCfg = Release|iPhoneSimulator
		{CB8E5E29-9AD3-49A5-8234-105ED3259D61}.AppStore|x86.Build.0 = Release|iPhoneSimulator
		{CB8E5E29-9AD3-49A5-8234-105ED3259D61}.Debug|Any CPU.ActiveCfg = Debug|iPhoneSimulator
		{CB8E5E29-9AD3-49A5-8234-105ED3259D61}.Debug|ARM.ActiveCfg = Debug|iPhoneSimulator
		{CB8E5E29-9AD3-49A5-8234-105ED3259D61}.Debug|ARM64.ActiveCfg = Debug|iPhoneSimulator
		{CB8E5E29-9AD3-49A5-8234-105ED3259D61}.Debug|iPhone.ActiveCfg = Debug|iPhoneSimulator
		{CB8E5E29-9AD3-49A5-8234-105ED3259D61}.Debug|iPhoneSimulator.ActiveCfg = Debug|iPhoneSimulator
		{CB8E5E29-9AD3-49A5-8234-105ED3259D61}.Debug|iPhoneSimulator.Build.0 = Debug|iPhoneSimulator
		{CB8E5E29-9AD3-49A5-8234-105ED3259D61}.Debug|x64.ActiveCfg = Debug|iPhoneSimulator
		{CB8E5E29-9AD3-49A5-8234-105ED3259D61}.Debug|x86.ActiveCfg = Debug|iPhoneSimulator
		{CB8E5E29-9AD3-49A5-8234-105ED3259D61}.Release|Any CPU.ActiveCfg = Release|iPhoneSimulator
		{CB8E5E29-9AD3-49A5-8234-105ED3259D61}.Release|ARM.ActiveCfg = Release|iPhoneSimulator
		{CB8E5E29-9AD3-49A5-8234-105ED3259D61}.Release|ARM64.ActiveCfg = Release|iPhoneSimulator
		{CB8E5E29-9AD3-49A5-8234-105ED3259D61}.Release|iPhone.ActiveCfg = Release|iPhoneSimulator
		{CB8E5E29-9AD3-49A5-8234-105ED3259D61}.Release|iPhoneSimulator.ActiveCfg = Release|iPhoneSimulator
		{CB8E5E29-9AD3-49A5-8234-105ED3259D61}.Release|iPhoneSimulator.Build.0 = Release|iPhoneSimulator
		{CB8E5E29-9AD3-49A5-8234-105ED3259D61}.Release|x64.ActiveCfg = Release|iPhoneSimulator
		{CB8E5E29-9AD3-49A5-8234-105ED3259D61}.Release|x86.ActiveCfg = Release|iPhoneSimulator
	EndGlobalSection
	GlobalSection(SolutionProperties) = preSolution
		HideSolutionNode = FALSE
	EndGlobalSection
	GlobalSection(ExtensibilityGlobals) = postSolution
		SolutionGuid = {D3A176DC-4B54-4A4A-A79C-C750BF421BE1}
	EndGlobalSection
EndGlobal
